// !$*UTF8*$!
{
	archiveVersion = 1;
	classes = {
	};
	objectVersion = 51;
	objects = {

/* Begin PBXBuildFile section */
		03D93D1C824AD731FB6F1E44 /* Pods_FastMovies_FastMoviesUITests.framework in Frameworks */ = {isa = PBXBuildFile; fileRef = 14D72EB1CF7BFD34A2A8638E /* Pods_FastMovies_FastMoviesUITests.framework */; };
		12D99E1585A6CA9B5B5722CE /* Pods_FastMovies.framework in Frameworks */ = {isa = PBXBuildFile; fileRef = 04B24B91E82454D56877633E /* Pods_FastMovies.framework */; };
		4802399023EC96D400023558 /* PopularCollectionViewController.swift in Sources */ = {isa = PBXBuildFile; fileRef = 4802398F23EC96D400023558 /* PopularCollectionViewController.swift */; };
		4802399223ECBAA300023558 /* Movie.swift in Sources */ = {isa = PBXBuildFile; fileRef = 4802399123ECBAA300023558 /* Movie.swift */; };
		4802399C23F0D93400023558 /* MovieDetailsViewController.swift in Sources */ = {isa = PBXBuildFile; fileRef = 4802399B23F0D93400023558 /* MovieDetailsViewController.swift */; };
		4802399E23F0DD1E00023558 /* MovieDetails.storyboard in Resources */ = {isa = PBXBuildFile; fileRef = 4802399D23F0DD1E00023558 /* MovieDetails.storyboard */; };
		480239A123F18B1900023558 /* MovieDetailsViewModel.swift in Sources */ = {isa = PBXBuildFile; fileRef = 480239A023F18B1900023558 /* MovieDetailsViewModel.swift */; };
		480239A523F1AD0B00023558 /* BorderView.swift in Sources */ = {isa = PBXBuildFile; fileRef = 480239A423F1AD0B00023558 /* BorderView.swift */; };
		480239A723F1B8B800023558 /* APIManager.swift in Sources */ = {isa = PBXBuildFile; fileRef = 480239A623F1B8B800023558 /* APIManager.swift */; };
		480239A923F1B92000023558 /* TheMovieDBRouter.swift in Sources */ = {isa = PBXBuildFile; fileRef = 480239A823F1B92000023558 /* TheMovieDBRouter.swift */; };
		480239AB23F23DAE00023558 /* Genre.swift in Sources */ = {isa = PBXBuildFile; fileRef = 480239AA23F23DAE00023558 /* Genre.swift */; };
		480239AD23F23F4100023558 /* GenresTableViewController.swift in Sources */ = {isa = PBXBuildFile; fileRef = 480239AC23F23F4100023558 /* GenresTableViewController.swift */; };
		480239B023F2427000023558 /* GenresTableViewCell.swift in Sources */ = {isa = PBXBuildFile; fileRef = 480239AE23F2427000023558 /* GenresTableViewCell.swift */; };
		480239B123F2427000023558 /* GenresTableViewCell.xib in Resources */ = {isa = PBXBuildFile; fileRef = 480239AF23F2427000023558 /* GenresTableViewCell.xib */; };
		480239B323F2528800023558 /* UIViewControllerExtensions.swift in Sources */ = {isa = PBXBuildFile; fileRef = 480239B223F2528800023558 /* UIViewControllerExtensions.swift */; };
		481AEB9A23F47ED600D66D75 /* MoviesCollectionDarkViewCell.xib in Resources */ = {isa = PBXBuildFile; fileRef = 481AEB9923F47ED600D66D75 /* MoviesCollectionDarkViewCell.xib */; };
		483A097B23F419C8004641B5 /* FastMoviesUnitTests.swift in Sources */ = {isa = PBXBuildFile; fileRef = 483A097A23F419C8004641B5 /* FastMoviesUnitTests.swift */; };
		488C8AB323EA24A3006FED69 /* AppDelegate.swift in Sources */ = {isa = PBXBuildFile; fileRef = 488C8AB223EA24A3006FED69 /* AppDelegate.swift */; };
		488C8ABC23EA24A8006FED69 /* Assets.xcassets in Resources */ = {isa = PBXBuildFile; fileRef = 488C8ABB23EA24A8006FED69 /* Assets.xcassets */; };
		488C8ABF23EA24A8006FED69 /* LaunchScreen.storyboard in Resources */ = {isa = PBXBuildFile; fileRef = 488C8ABD23EA24A8006FED69 /* LaunchScreen.storyboard */; };
		488C8ACA23EA24A8006FED69 /* FastMoviesTests.swift in Sources */ = {isa = PBXBuildFile; fileRef = 488C8AC923EA24A8006FED69 /* FastMoviesTests.swift */; };
		488C8AD523EA24A9006FED69 /* FastMoviesUITests.swift in Sources */ = {isa = PBXBuildFile; fileRef = 488C8AD423EA24A9006FED69 /* FastMoviesUITests.swift */; };
		488C8B2D23EA4649006FED69 /* Home.storyboard in Resources */ = {isa = PBXBuildFile; fileRef = 488C8B2C23EA4649006FED69 /* Home.storyboard */; };
		488C8B2F23EA4669006FED69 /* HomeViewModel.swift in Sources */ = {isa = PBXBuildFile; fileRef = 488C8B2E23EA4669006FED69 /* HomeViewModel.swift */; };
		488C8B3223EA4697006FED69 /* HomeViewController.swift in Sources */ = {isa = PBXBuildFile; fileRef = 488C8B3123EA4697006FED69 /* HomeViewController.swift */; };
		488C8B3723EA5D1C006FED69 /* MoviesCollectionViewCell.xib in Resources */ = {isa = PBXBuildFile; fileRef = 488C8B3623EA5D1C006FED69 /* MoviesCollectionViewCell.xib */; };
		488C8B3923EA5F42006FED69 /* MoviesCollectionViewCell.swift in Sources */ = {isa = PBXBuildFile; fileRef = 488C8B3823EA5F42006FED69 /* MoviesCollectionViewCell.swift */; };
		488C8B3B23EA638F006FED69 /* TopRatedCollectionViewController.swift in Sources */ = {isa = PBXBuildFile; fileRef = 488C8B3A23EA638F006FED69 /* TopRatedCollectionViewController.swift */; };
		550319BF5E7E8F97BEB7ED4E /* Pods_FastMoviesTests.framework in Frameworks */ = {isa = PBXBuildFile; fileRef = D3A0186527472C0080655795 /* Pods_FastMoviesTests.framework */; };
/* End PBXBuildFile section */

/* Begin PBXContainerItemProxy section */
		483A097D23F419C8004641B5 /* PBXContainerItemProxy */ = {
			isa = PBXContainerItemProxy;
			containerPortal = 488C8AA723EA24A3006FED69 /* Project object */;
			proxyType = 1;
			remoteGlobalIDString = 488C8AAE23EA24A3006FED69;
			remoteInfo = FastMovies;
		};
		488C8AC623EA24A8006FED69 /* PBXContainerItemProxy */ = {
			isa = PBXContainerItemProxy;
			containerPortal = 488C8AA723EA24A3006FED69 /* Project object */;
			proxyType = 1;
			remoteGlobalIDString = 488C8AAE23EA24A3006FED69;
			remoteInfo = FastMovies;
		};
		488C8AD123EA24A9006FED69 /* PBXContainerItemProxy */ = {
			isa = PBXContainerItemProxy;
			containerPortal = 488C8AA723EA24A3006FED69 /* Project object */;
			proxyType = 1;
			remoteGlobalIDString = 488C8AAE23EA24A3006FED69;
			remoteInfo = FastMovies;
		};
/* End PBXContainerItemProxy section */

/* Begin PBXFileReference section */
		04B24B91E82454D56877633E /* Pods_FastMovies.framework */ = {isa = PBXFileReference; explicitFileType = wrapper.framework; includeInIndex = 0; path = Pods_FastMovies.framework; sourceTree = BUILT_PRODUCTS_DIR; };
		14D72EB1CF7BFD34A2A8638E /* Pods_FastMovies_FastMoviesUITests.framework */ = {isa = PBXFileReference; explicitFileType = wrapper.framework; includeInIndex = 0; path = Pods_FastMovies_FastMoviesUITests.framework; sourceTree = BUILT_PRODUCTS_DIR; };
		15E029DA12E8FF80C1EED5C5 /* Pods-FastMoviesTests.dark.xcconfig */ = {isa = PBXFileReference; includeInIndex = 1; lastKnownFileType = text.xcconfig; name = "Pods-FastMoviesTests.dark.xcconfig"; path = "Target Support Files/Pods-FastMoviesTests/Pods-FastMoviesTests.dark.xcconfig"; sourceTree = "<group>"; };
		28E539BAE0F1D93E574D0898 /* Pods-FastMoviesTests.debug.xcconfig */ = {isa = PBXFileReference; includeInIndex = 1; lastKnownFileType = text.xcconfig; name = "Pods-FastMoviesTests.debug.xcconfig"; path = "Target Support Files/Pods-FastMoviesTests/Pods-FastMoviesTests.debug.xcconfig"; sourceTree = "<group>"; };
		2E31CE171C5FD9050681FBEE /* Pods-FastMovies.debug.xcconfig */ = {isa = PBXFileReference; includeInIndex = 1; lastKnownFileType = text.xcconfig; name = "Pods-FastMovies.debug.xcconfig"; path = "Target Support Files/Pods-FastMovies/Pods-FastMovies.debug.xcconfig"; sourceTree = "<group>"; };
		4802398F23EC96D400023558 /* PopularCollectionViewController.swift */ = {isa = PBXFileReference; lastKnownFileType = sourcecode.swift; path = PopularCollectionViewController.swift; sourceTree = "<group>"; };
		4802399123ECBAA300023558 /* Movie.swift */ = {isa = PBXFileReference; lastKnownFileType = sourcecode.swift; path = Movie.swift; sourceTree = "<group>"; };
		4802399B23F0D93400023558 /* MovieDetailsViewController.swift */ = {isa = PBXFileReference; lastKnownFileType = sourcecode.swift; path = MovieDetailsViewController.swift; sourceTree = "<group>"; };
		4802399D23F0DD1E00023558 /* MovieDetails.storyboard */ = {isa = PBXFileReference; lastKnownFileType = file.storyboard; path = MovieDetails.storyboard; sourceTree = "<group>"; };
		480239A023F18B1900023558 /* MovieDetailsViewModel.swift */ = {isa = PBXFileReference; lastKnownFileType = sourcecode.swift; path = MovieDetailsViewModel.swift; sourceTree = "<group>"; };
		480239A423F1AD0B00023558 /* BorderView.swift */ = {isa = PBXFileReference; lastKnownFileType = sourcecode.swift; path = BorderView.swift; sourceTree = "<group>"; };
		480239A623F1B8B800023558 /* APIManager.swift */ = {isa = PBXFileReference; lastKnownFileType = sourcecode.swift; path = APIManager.swift; sourceTree = "<group>"; };
		480239A823F1B92000023558 /* TheMovieDBRouter.swift */ = {isa = PBXFileReference; lastKnownFileType = sourcecode.swift; path = TheMovieDBRouter.swift; sourceTree = "<group>"; };
		480239AA23F23DAE00023558 /* Genre.swift */ = {isa = PBXFileReference; lastKnownFileType = sourcecode.swift; path = Genre.swift; sourceTree = "<group>"; };
		480239AC23F23F4100023558 /* GenresTableViewController.swift */ = {isa = PBXFileReference; lastKnownFileType = sourcecode.swift; path = GenresTableViewController.swift; sourceTree = "<group>"; };
		480239AE23F2427000023558 /* GenresTableViewCell.swift */ = {isa = PBXFileReference; lastKnownFileType = sourcecode.swift; path = GenresTableViewCell.swift; sourceTree = "<group>"; };
		480239AF23F2427000023558 /* GenresTableViewCell.xib */ = {isa = PBXFileReference; lastKnownFileType = file.xib; path = GenresTableViewCell.xib; sourceTree = "<group>"; };
		480239B223F2528800023558 /* UIViewControllerExtensions.swift */ = {isa = PBXFileReference; lastKnownFileType = sourcecode.swift; path = UIViewControllerExtensions.swift; sourceTree = "<group>"; };
		481AEB9923F47ED600D66D75 /* MoviesCollectionDarkViewCell.xib */ = {isa = PBXFileReference; fileEncoding = 4; lastKnownFileType = file.xib; path = MoviesCollectionDarkViewCell.xib; sourceTree = "<group>"; };
		483A097823F419C8004641B5 /* FastMoviesUnitTests.xctest */ = {isa = PBXFileReference; explicitFileType = wrapper.cfbundle; includeInIndex = 0; path = FastMoviesUnitTests.xctest; sourceTree = BUILT_PRODUCTS_DIR; };
		483A097A23F419C8004641B5 /* FastMoviesUnitTests.swift */ = {isa = PBXFileReference; lastKnownFileType = sourcecode.swift; path = FastMoviesUnitTests.swift; sourceTree = "<group>"; };
		483A097C23F419C8004641B5 /* Info.plist */ = {isa = PBXFileReference; lastKnownFileType = text.plist.xml; path = Info.plist; sourceTree = "<group>"; };
		488C8AAF23EA24A3006FED69 /* FastMovies.app */ = {isa = PBXFileReference; explicitFileType = wrapper.application; includeInIndex = 0; path = FastMovies.app; sourceTree = BUILT_PRODUCTS_DIR; };
		488C8AB223EA24A3006FED69 /* AppDelegate.swift */ = {isa = PBXFileReference; lastKnownFileType = sourcecode.swift; path = AppDelegate.swift; sourceTree = "<group>"; };
		488C8ABB23EA24A8006FED69 /* Assets.xcassets */ = {isa = PBXFileReference; lastKnownFileType = folder.assetcatalog; path = Assets.xcassets; sourceTree = "<group>"; };
		488C8ABE23EA24A8006FED69 /* Base */ = {isa = PBXFileReference; lastKnownFileType = file.storyboard; name = Base; path = Base.lproj/LaunchScreen.storyboard; sourceTree = "<group>"; };
		488C8AC023EA24A8006FED69 /* Info.plist */ = {isa = PBXFileReference; lastKnownFileType = text.plist.xml; path = Info.plist; sourceTree = "<group>"; };
		488C8AC523EA24A8006FED69 /* FastMoviesTests.xctest */ = {isa = PBXFileReference; explicitFileType = wrapper.cfbundle; includeInIndex = 0; path = FastMoviesTests.xctest; sourceTree = BUILT_PRODUCTS_DIR; };
		488C8AC923EA24A8006FED69 /* FastMoviesTests.swift */ = {isa = PBXFileReference; lastKnownFileType = sourcecode.swift; path = FastMoviesTests.swift; sourceTree = "<group>"; };
		488C8ACB23EA24A8006FED69 /* Info.plist */ = {isa = PBXFileReference; lastKnownFileType = text.plist.xml; path = Info.plist; sourceTree = "<group>"; };
		488C8AD023EA24A9006FED69 /* FastMoviesUITests.xctest */ = {isa = PBXFileReference; explicitFileType = wrapper.cfbundle; includeInIndex = 0; path = FastMoviesUITests.xctest; sourceTree = BUILT_PRODUCTS_DIR; };
		488C8AD423EA24A9006FED69 /* FastMoviesUITests.swift */ = {isa = PBXFileReference; lastKnownFileType = sourcecode.swift; path = FastMoviesUITests.swift; sourceTree = "<group>"; };
		488C8AD623EA24A9006FED69 /* Info.plist */ = {isa = PBXFileReference; lastKnownFileType = text.plist.xml; path = Info.plist; sourceTree = "<group>"; };
		488C8B2C23EA4649006FED69 /* Home.storyboard */ = {isa = PBXFileReference; lastKnownFileType = file.storyboard; path = Home.storyboard; sourceTree = "<group>"; };
		488C8B2E23EA4669006FED69 /* HomeViewModel.swift */ = {isa = PBXFileReference; lastKnownFileType = sourcecode.swift; path = HomeViewModel.swift; sourceTree = "<group>"; };
		488C8B3123EA4697006FED69 /* HomeViewController.swift */ = {isa = PBXFileReference; lastKnownFileType = sourcecode.swift; path = HomeViewController.swift; sourceTree = "<group>"; };
		488C8B3623EA5D1C006FED69 /* MoviesCollectionViewCell.xib */ = {isa = PBXFileReference; lastKnownFileType = file.xib; path = MoviesCollectionViewCell.xib; sourceTree = "<group>"; };
		488C8B3823EA5F42006FED69 /* MoviesCollectionViewCell.swift */ = {isa = PBXFileReference; lastKnownFileType = sourcecode.swift; path = MoviesCollectionViewCell.swift; sourceTree = "<group>"; };
		488C8B3A23EA638F006FED69 /* TopRatedCollectionViewController.swift */ = {isa = PBXFileReference; lastKnownFileType = sourcecode.swift; path = TopRatedCollectionViewController.swift; sourceTree = "<group>"; };
		7556CED16D66B3688D14B5E1 /* Pods-FastMovies-FastMoviesUITests.debug.xcconfig */ = {isa = PBXFileReference; includeInIndex = 1; lastKnownFileType = text.xcconfig; name = "Pods-FastMovies-FastMoviesUITests.debug.xcconfig"; path = "Target Support Files/Pods-FastMovies-FastMoviesUITests/Pods-FastMovies-FastMoviesUITests.debug.xcconfig"; sourceTree = "<group>"; };
		94C13B3863F7F735E9A09C14 /* Pods-FastMovies.dark.xcconfig */ = {isa = PBXFileReference; includeInIndex = 1; lastKnownFileType = text.xcconfig; name = "Pods-FastMovies.dark.xcconfig"; path = "Target Support Files/Pods-FastMovies/Pods-FastMovies.dark.xcconfig"; sourceTree = "<group>"; };
		A519378F73D49E74EB66F1CC /* Pods-FastMoviesTests.release.xcconfig */ = {isa = PBXFileReference; includeInIndex = 1; lastKnownFileType = text.xcconfig; name = "Pods-FastMoviesTests.release.xcconfig"; path = "Target Support Files/Pods-FastMoviesTests/Pods-FastMoviesTests.release.xcconfig"; sourceTree = "<group>"; };
		C48C69653322F29300441BC1 /* Pods-FastMovies-FastMoviesUITests.release.xcconfig */ = {isa = PBXFileReference; includeInIndex = 1; lastKnownFileType = text.xcconfig; name = "Pods-FastMovies-FastMoviesUITests.release.xcconfig"; path = "Target Support Files/Pods-FastMovies-FastMoviesUITests/Pods-FastMovies-FastMoviesUITests.release.xcconfig"; sourceTree = "<group>"; };
		D17570AC5DB6AB667AC5FFE8 /* Pods-FastMovies-FastMoviesUITests.dark.xcconfig */ = {isa = PBXFileReference; includeInIndex = 1; lastKnownFileType = text.xcconfig; name = "Pods-FastMovies-FastMoviesUITests.dark.xcconfig"; path = "Target Support Files/Pods-FastMovies-FastMoviesUITests/Pods-FastMovies-FastMoviesUITests.dark.xcconfig"; sourceTree = "<group>"; };
		D3A0186527472C0080655795 /* Pods_FastMoviesTests.framework */ = {isa = PBXFileReference; explicitFileType = wrapper.framework; includeInIndex = 0; path = Pods_FastMoviesTests.framework; sourceTree = BUILT_PRODUCTS_DIR; };
		FBA1B48562FF6469BDA6BF14 /* Pods-FastMovies.release.xcconfig */ = {isa = PBXFileReference; includeInIndex = 1; lastKnownFileType = text.xcconfig; name = "Pods-FastMovies.release.xcconfig"; path = "Target Support Files/Pods-FastMovies/Pods-FastMovies.release.xcconfig"; sourceTree = "<group>"; };
/* End PBXFileReference section */

/* Begin PBXFrameworksBuildPhase section */
		483A097523F419C8004641B5 /* Frameworks */ = {
			isa = PBXFrameworksBuildPhase;
			buildActionMask = 2147483647;
			files = (
			);
			runOnlyForDeploymentPostprocessing = 0;
		};
		488C8AAC23EA24A3006FED69 /* Frameworks */ = {
			isa = PBXFrameworksBuildPhase;
			buildActionMask = 2147483647;
			files = (
				12D99E1585A6CA9B5B5722CE /* Pods_FastMovies.framework in Frameworks */,
			);
			runOnlyForDeploymentPostprocessing = 0;
		};
		488C8AC223EA24A8006FED69 /* Frameworks */ = {
			isa = PBXFrameworksBuildPhase;
			buildActionMask = 2147483647;
			files = (
				550319BF5E7E8F97BEB7ED4E /* Pods_FastMoviesTests.framework in Frameworks */,
			);
			runOnlyForDeploymentPostprocessing = 0;
		};
		488C8ACD23EA24A9006FED69 /* Frameworks */ = {
			isa = PBXFrameworksBuildPhase;
			buildActionMask = 2147483647;
			files = (
				03D93D1C824AD731FB6F1E44 /* Pods_FastMovies_FastMoviesUITests.framework in Frameworks */,
			);
			runOnlyForDeploymentPostprocessing = 0;
		};
/* End PBXFrameworksBuildPhase section */

/* Begin PBXGroup section */
		4802399823F0D75F00023558 /* MovieDetails */ = {
			isa = PBXGroup;
			children = (
				4802399923F0D77C00023558 /* View */,
				4802399A23F0D78100023558 /* ViewController */,
				4802399F23F18AFC00023558 /* ViewModel */,
			);
			path = MovieDetails;
			sourceTree = "<group>";
		};
		4802399923F0D77C00023558 /* View */ = {
			isa = PBXGroup;
			children = (
				4802399D23F0DD1E00023558 /* MovieDetails.storyboard */,
			);
			path = View;
			sourceTree = "<group>";
		};
		4802399A23F0D78100023558 /* ViewController */ = {
			isa = PBXGroup;
			children = (
				4802399B23F0D93400023558 /* MovieDetailsViewController.swift */,
			);
			path = ViewController;
			sourceTree = "<group>";
		};
		4802399F23F18AFC00023558 /* ViewModel */ = {
			isa = PBXGroup;
			children = (
				480239A023F18B1900023558 /* MovieDetailsViewModel.swift */,
			);
			path = ViewModel;
			sourceTree = "<group>";
		};
		480239A223F1ACD200023558 /* Conveniences */ = {
			isa = PBXGroup;
			children = (
				480239A323F1ACF300023558 /* UIView */,
			);
			path = Conveniences;
			sourceTree = "<group>";
		};
		480239A323F1ACF300023558 /* UIView */ = {
			isa = PBXGroup;
			children = (
				480239A423F1AD0B00023558 /* BorderView.swift */,
				480239B223F2528800023558 /* UIViewControllerExtensions.swift */,
			);
			path = UIView;
			sourceTree = "<group>";
		};
		483A097923F419C8004641B5 /* FastMoviesUnitTests */ = {
			isa = PBXGroup;
			children = (
				483A097A23F419C8004641B5 /* FastMoviesUnitTests.swift */,
				483A097C23F419C8004641B5 /* Info.plist */,
			);
			path = FastMoviesUnitTests;
			sourceTree = "<group>";
		};
		488C8AA623EA24A3006FED69 = {
			isa = PBXGroup;
			children = (
				488C8AB123EA24A3006FED69 /* FastMovies */,
				488C8AC823EA24A8006FED69 /* FastMoviesTests */,
				488C8AD323EA24A9006FED69 /* FastMoviesUITests */,
				483A097923F419C8004641B5 /* FastMoviesUnitTests */,
				488C8AB023EA24A3006FED69 /* Products */,
				6A56E0ED25AADAFC50C8DC94 /* Pods */,
				D6D5337F3A7D481353C13C7C /* Frameworks */,
			);
			sourceTree = "<group>";
		};
		488C8AB023EA24A3006FED69 /* Products */ = {
			isa = PBXGroup;
			children = (
				488C8AAF23EA24A3006FED69 /* FastMovies.app */,
				488C8AC523EA24A8006FED69 /* FastMoviesTests.xctest */,
				488C8AD023EA24A9006FED69 /* FastMoviesUITests.xctest */,
				483A097823F419C8004641B5 /* FastMoviesUnitTests.xctest */,
			);
			name = Products;
			sourceTree = "<group>";
		};
		488C8AB123EA24A3006FED69 /* FastMovies */ = {
			isa = PBXGroup;
			children = (
				488C8AC023EA24A8006FED69 /* Info.plist */,
				488C8B3323EA46B4006FED69 /* AppDelegate */,
				480239A223F1ACD200023558 /* Conveniences */,
				488C8B2B23EA45B6006FED69 /* Resources */,
				488C8B2623EA4523006FED69 /* Home */,
				4802399823F0D75F00023558 /* MovieDetails */,
				488C8B2723EA4530006FED69 /* Service */,
			);
			path = FastMovies;
			sourceTree = "<group>";
		};
		488C8AC823EA24A8006FED69 /* FastMoviesTests */ = {
			isa = PBXGroup;
			children = (
				488C8AC923EA24A8006FED69 /* FastMoviesTests.swift */,
				488C8ACB23EA24A8006FED69 /* Info.plist */,
			);
			path = FastMoviesTests;
			sourceTree = "<group>";
		};
		488C8AD323EA24A9006FED69 /* FastMoviesUITests */ = {
			isa = PBXGroup;
			children = (
				488C8AD623EA24A9006FED69 /* Info.plist */,
				488C8AD423EA24A9006FED69 /* FastMoviesUITests.swift */,
			);
			path = FastMoviesUITests;
			sourceTree = "<group>";
		};
		488C8B2623EA4523006FED69 /* Home */ = {
			isa = PBXGroup;
			children = (
				488C8B2A23EA45A6006FED69 /* View */,
				488C8B3023EA4687006FED69 /* ViewController */,
				488C8B2923EA4539006FED69 /* ViewModel */,
				488C8B2823EA4535006FED69 /* Model */,
			);
			path = Home;
			sourceTree = "<group>";
		};
		488C8B2723EA4530006FED69 /* Service */ = {
			isa = PBXGroup;
			children = (
				480239A623F1B8B800023558 /* APIManager.swift */,
				480239A823F1B92000023558 /* TheMovieDBRouter.swift */,
			);
			path = Service;
			sourceTree = "<group>";
		};
		488C8B2823EA4535006FED69 /* Model */ = {
			isa = PBXGroup;
			children = (
				4802399123ECBAA300023558 /* Movie.swift */,
				480239AA23F23DAE00023558 /* Genre.swift */,
			);
			path = Model;
			sourceTree = "<group>";
		};
		488C8B2923EA4539006FED69 /* ViewModel */ = {
			isa = PBXGroup;
			children = (
				488C8B2E23EA4669006FED69 /* HomeViewModel.swift */,
			);
			path = ViewModel;
			sourceTree = "<group>";
		};
		488C8B2A23EA45A6006FED69 /* View */ = {
			isa = PBXGroup;
			children = (
				488C8B2C23EA4649006FED69 /* Home.storyboard */,
				488C8B3623EA5D1C006FED69 /* MoviesCollectionViewCell.xib */,
				481AEB9923F47ED600D66D75 /* MoviesCollectionDarkViewCell.xib */,
				488C8B3823EA5F42006FED69 /* MoviesCollectionViewCell.swift */,
				480239AE23F2427000023558 /* GenresTableViewCell.swift */,
				480239AF23F2427000023558 /* GenresTableViewCell.xib */,
			);
			path = View;
			sourceTree = "<group>";
		};
		488C8B2B23EA45B6006FED69 /* Resources */ = {
			isa = PBXGroup;
			children = (
				488C8ABB23EA24A8006FED69 /* Assets.xcassets */,
				488C8ABD23EA24A8006FED69 /* LaunchScreen.storyboard */,
			);
			path = Resources;
			sourceTree = "<group>";
		};
		488C8B3023EA4687006FED69 /* ViewController */ = {
			isa = PBXGroup;
			children = (
				488C8B3123EA4697006FED69 /* HomeViewController.swift */,
				488C8B3A23EA638F006FED69 /* TopRatedCollectionViewController.swift */,
				4802398F23EC96D400023558 /* PopularCollectionViewController.swift */,
				480239AC23F23F4100023558 /* GenresTableViewController.swift */,
			);
			path = ViewController;
			sourceTree = "<group>";
		};
		488C8B3323EA46B4006FED69 /* AppDelegate */ = {
			isa = PBXGroup;
			children = (
				488C8AB223EA24A3006FED69 /* AppDelegate.swift */,
			);
			path = AppDelegate;
			sourceTree = "<group>";
		};
		6A56E0ED25AADAFC50C8DC94 /* Pods */ = {
			isa = PBXGroup;
			children = (
				2E31CE171C5FD9050681FBEE /* Pods-FastMovies.debug.xcconfig */,
				94C13B3863F7F735E9A09C14 /* Pods-FastMovies.dark.xcconfig */,
				FBA1B48562FF6469BDA6BF14 /* Pods-FastMovies.release.xcconfig */,
				7556CED16D66B3688D14B5E1 /* Pods-FastMovies-FastMoviesUITests.debug.xcconfig */,
				D17570AC5DB6AB667AC5FFE8 /* Pods-FastMovies-FastMoviesUITests.dark.xcconfig */,
				C48C69653322F29300441BC1 /* Pods-FastMovies-FastMoviesUITests.release.xcconfig */,
				28E539BAE0F1D93E574D0898 /* Pods-FastMoviesTests.debug.xcconfig */,
				15E029DA12E8FF80C1EED5C5 /* Pods-FastMoviesTests.dark.xcconfig */,
				A519378F73D49E74EB66F1CC /* Pods-FastMoviesTests.release.xcconfig */,
			);
			path = Pods;
			sourceTree = "<group>";
		};
		D6D5337F3A7D481353C13C7C /* Frameworks */ = {
			isa = PBXGroup;
			children = (
				04B24B91E82454D56877633E /* Pods_FastMovies.framework */,
				14D72EB1CF7BFD34A2A8638E /* Pods_FastMovies_FastMoviesUITests.framework */,
				D3A0186527472C0080655795 /* Pods_FastMoviesTests.framework */,
			);
			name = Frameworks;
			sourceTree = "<group>";
		};
/* End PBXGroup section */

/* Begin PBXNativeTarget section */
		483A097723F419C8004641B5 /* FastMoviesUnitTests */ = {
			isa = PBXNativeTarget;
			buildConfigurationList = 483A098123F419C8004641B5 /* Build configuration list for PBXNativeTarget "FastMoviesUnitTests" */;
			buildPhases = (
				483A097423F419C8004641B5 /* Sources */,
				483A097523F419C8004641B5 /* Frameworks */,
				483A097623F419C8004641B5 /* Resources */,
			);
			buildRules = (
			);
			dependencies = (
				483A097E23F419C8004641B5 /* PBXTargetDependency */,
			);
			name = FastMoviesUnitTests;
			productName = FastMoviesUnitTests;
			productReference = 483A097823F419C8004641B5 /* FastMoviesUnitTests.xctest */;
			productType = "com.apple.product-type.bundle.unit-test";
		};
		488C8AAE23EA24A3006FED69 /* FastMovies */ = {
			isa = PBXNativeTarget;
			buildConfigurationList = 488C8AD923EA24A9006FED69 /* Build configuration list for PBXNativeTarget "FastMovies" */;
			buildPhases = (
				A035C5847C1516A2F111FB22 /* [CP] Check Pods Manifest.lock */,
				488C8AAB23EA24A3006FED69 /* Sources */,
				488C8AAC23EA24A3006FED69 /* Frameworks */,
				488C8AAD23EA24A3006FED69 /* Resources */,
				A9515634B6B95E98CF0EBC7D /* [CP] Embed Pods Frameworks */,
			);
			buildRules = (
			);
			dependencies = (
			);
			name = FastMovies;
			productName = FastMovies;
			productReference = 488C8AAF23EA24A3006FED69 /* FastMovies.app */;
			productType = "com.apple.product-type.application";
		};
		488C8AC423EA24A8006FED69 /* FastMoviesTests */ = {
			isa = PBXNativeTarget;
			buildConfigurationList = 488C8ADC23EA24A9006FED69 /* Build configuration list for PBXNativeTarget "FastMoviesTests" */;
			buildPhases = (
				7CCCEDAA451EFEB9A22206C6 /* [CP] Check Pods Manifest.lock */,
				488C8AC123EA24A8006FED69 /* Sources */,
				488C8AC223EA24A8006FED69 /* Frameworks */,
				488C8AC323EA24A8006FED69 /* Resources */,
			);
			buildRules = (
			);
			dependencies = (
				488C8AC723EA24A8006FED69 /* PBXTargetDependency */,
			);
			name = FastMoviesTests;
			productName = FastMoviesTests;
			productReference = 488C8AC523EA24A8006FED69 /* FastMoviesTests.xctest */;
			productType = "com.apple.product-type.bundle.unit-test";
		};
		488C8ACF23EA24A9006FED69 /* FastMoviesUITests */ = {
			isa = PBXNativeTarget;
			buildConfigurationList = 488C8ADF23EA24A9006FED69 /* Build configuration list for PBXNativeTarget "FastMoviesUITests" */;
			buildPhases = (
				A29F96F27F4225A8D85613FA /* [CP] Check Pods Manifest.lock */,
				488C8ACC23EA24A9006FED69 /* Sources */,
				488C8ACD23EA24A9006FED69 /* Frameworks */,
				488C8ACE23EA24A9006FED69 /* Resources */,
				E186248A8C3C3890E0BF6F1F /* [CP] Embed Pods Frameworks */,
			);
			buildRules = (
			);
			dependencies = (
				488C8AD223EA24A9006FED69 /* PBXTargetDependency */,
			);
			name = FastMoviesUITests;
			productName = FastMoviesUITests;
			productReference = 488C8AD023EA24A9006FED69 /* FastMoviesUITests.xctest */;
			productType = "com.apple.product-type.bundle.ui-testing";
		};
/* End PBXNativeTarget section */

/* Begin PBXProject section */
		488C8AA723EA24A3006FED69 /* Project object */ = {
			isa = PBXProject;
			attributes = {
				LastSwiftUpdateCheck = 1130;
				LastUpgradeCheck = 1130;
				ORGANIZATIONNAME = ronald;
				TargetAttributes = {
					483A097723F419C8004641B5 = {
						CreatedOnToolsVersion = 11.3.1;
						TestTargetID = 488C8AAE23EA24A3006FED69;
					};
					488C8AAE23EA24A3006FED69 = {
						CreatedOnToolsVersion = 11.3.1;
					};
					488C8AC423EA24A8006FED69 = {
						CreatedOnToolsVersion = 11.3.1;
						TestTargetID = 488C8AAE23EA24A3006FED69;
					};
					488C8ACF23EA24A9006FED69 = {
						CreatedOnToolsVersion = 11.3.1;
						TestTargetID = 488C8AAE23EA24A3006FED69;
					};
				};
			};
			buildConfigurationList = 488C8AAA23EA24A3006FED69 /* Build configuration list for PBXProject "FastMovies" */;
			compatibilityVersion = "Xcode 9.3";
			developmentRegion = en;
			hasScannedForEncodings = 0;
			knownRegions = (
				en,
				Base,
			);
			mainGroup = 488C8AA623EA24A3006FED69;
			productRefGroup = 488C8AB023EA24A3006FED69 /* Products */;
			projectDirPath = "";
			projectRoot = "";
			targets = (
				488C8AAE23EA24A3006FED69 /* FastMovies */,
				488C8AC423EA24A8006FED69 /* FastMoviesTests */,
				488C8ACF23EA24A9006FED69 /* FastMoviesUITests */,
				483A097723F419C8004641B5 /* FastMoviesUnitTests */,
			);
		};
/* End PBXProject section */

/* Begin PBXResourcesBuildPhase section */
		483A097623F419C8004641B5 /* Resources */ = {
			isa = PBXResourcesBuildPhase;
			buildActionMask = 2147483647;
			files = (
			);
			runOnlyForDeploymentPostprocessing = 0;
		};
		488C8AAD23EA24A3006FED69 /* Resources */ = {
			isa = PBXResourcesBuildPhase;
			buildActionMask = 2147483647;
			files = (
				488C8ABF23EA24A8006FED69 /* LaunchScreen.storyboard in Resources */,
				488C8ABC23EA24A8006FED69 /* Assets.xcassets in Resources */,
				4802399E23F0DD1E00023558 /* MovieDetails.storyboard in Resources */,
				481AEB9A23F47ED600D66D75 /* MoviesCollectionDarkViewCell.xib in Resources */,
				480239B123F2427000023558 /* GenresTableViewCell.xib in Resources */,
				488C8B2D23EA4649006FED69 /* Home.storyboard in Resources */,
				488C8B3723EA5D1C006FED69 /* MoviesCollectionViewCell.xib in Resources */,
			);
			runOnlyForDeploymentPostprocessing = 0;
		};
		488C8AC323EA24A8006FED69 /* Resources */ = {
			isa = PBXResourcesBuildPhase;
			buildActionMask = 2147483647;
			files = (
			);
			runOnlyForDeploymentPostprocessing = 0;
		};
		488C8ACE23EA24A9006FED69 /* Resources */ = {
			isa = PBXResourcesBuildPhase;
			buildActionMask = 2147483647;
			files = (
			);
			runOnlyForDeploymentPostprocessing = 0;
		};
/* End PBXResourcesBuildPhase section */

/* Begin PBXShellScriptBuildPhase section */
		7CCCEDAA451EFEB9A22206C6 /* [CP] Check Pods Manifest.lock */ = {
			isa = PBXShellScriptBuildPhase;
			buildActionMask = 2147483647;
			files = (
			);
			inputFileListPaths = (
			);
			inputPaths = (
				"${PODS_PODFILE_DIR_PATH}/Podfile.lock",
				"${PODS_ROOT}/Manifest.lock",
			);
			name = "[CP] Check Pods Manifest.lock";
			outputFileListPaths = (
			);
			outputPaths = (
				"$(DERIVED_FILE_DIR)/Pods-FastMoviesTests-checkManifestLockResult.txt",
			);
			runOnlyForDeploymentPostprocessing = 0;
			shellPath = /bin/sh;
			shellScript = "diff \"${PODS_PODFILE_DIR_PATH}/Podfile.lock\" \"${PODS_ROOT}/Manifest.lock\" > /dev/null\nif [ $? != 0 ] ; then\n    # print error to STDERR\n    echo \"error: The sandbox is not in sync with the Podfile.lock. Run 'pod install' or update your CocoaPods installation.\" >&2\n    exit 1\nfi\n# This output is used by Xcode 'outputs' to avoid re-running this script phase.\necho \"SUCCESS\" > \"${SCRIPT_OUTPUT_FILE_0}\"\n";
			showEnvVarsInLog = 0;
		};
		A035C5847C1516A2F111FB22 /* [CP] Check Pods Manifest.lock */ = {
			isa = PBXShellScriptBuildPhase;
			buildActionMask = 2147483647;
			files = (
			);
			inputFileListPaths = (
			);
			inputPaths = (
				"${PODS_PODFILE_DIR_PATH}/Podfile.lock",
				"${PODS_ROOT}/Manifest.lock",
			);
			name = "[CP] Check Pods Manifest.lock";
			outputFileListPaths = (
			);
			outputPaths = (
				"$(DERIVED_FILE_DIR)/Pods-FastMovies-checkManifestLockResult.txt",
			);
			runOnlyForDeploymentPostprocessing = 0;
			shellPath = /bin/sh;
			shellScript = "diff \"${PODS_PODFILE_DIR_PATH}/Podfile.lock\" \"${PODS_ROOT}/Manifest.lock\" > /dev/null\nif [ $? != 0 ] ; then\n    # print error to STDERR\n    echo \"error: The sandbox is not in sync with the Podfile.lock. Run 'pod install' or update your CocoaPods installation.\" >&2\n    exit 1\nfi\n# This output is used by Xcode 'outputs' to avoid re-running this script phase.\necho \"SUCCESS\" > \"${SCRIPT_OUTPUT_FILE_0}\"\n";
			showEnvVarsInLog = 0;
		};
		A29F96F27F4225A8D85613FA /* [CP] Check Pods Manifest.lock */ = {
			isa = PBXShellScriptBuildPhase;
			buildActionMask = 2147483647;
			files = (
			);
			inputFileListPaths = (
			);
			inputPaths = (
				"${PODS_PODFILE_DIR_PATH}/Podfile.lock",
				"${PODS_ROOT}/Manifest.lock",
			);
			name = "[CP] Check Pods Manifest.lock";
			outputFileListPaths = (
			);
			outputPaths = (
				"$(DERIVED_FILE_DIR)/Pods-FastMovies-FastMoviesUITests-checkManifestLockResult.txt",
			);
			runOnlyForDeploymentPostprocessing = 0;
			shellPath = /bin/sh;
			shellScript = "diff \"${PODS_PODFILE_DIR_PATH}/Podfile.lock\" \"${PODS_ROOT}/Manifest.lock\" > /dev/null\nif [ $? != 0 ] ; then\n    # print error to STDERR\n    echo \"error: The sandbox is not in sync with the Podfile.lock. Run 'pod install' or update your CocoaPods installation.\" >&2\n    exit 1\nfi\n# This output is used by Xcode 'outputs' to avoid re-running this script phase.\necho \"SUCCESS\" > \"${SCRIPT_OUTPUT_FILE_0}\"\n";
			showEnvVarsInLog = 0;
		};
		A9515634B6B95E98CF0EBC7D /* [CP] Embed Pods Frameworks */ = {
			isa = PBXShellScriptBuildPhase;
			buildActionMask = 2147483647;
			files = (
			);
			inputFileListPaths = (
				"${PODS_ROOT}/Target Support Files/Pods-FastMovies/Pods-FastMovies-frameworks-${CONFIGURATION}-input-files.xcfilelist",
			);
			name = "[CP] Embed Pods Frameworks";
			outputFileListPaths = (
				"${PODS_ROOT}/Target Support Files/Pods-FastMovies/Pods-FastMovies-frameworks-${CONFIGURATION}-output-files.xcfilelist",
			);
			runOnlyForDeploymentPostprocessing = 0;
			shellPath = /bin/sh;
			shellScript = "\"${PODS_ROOT}/Target Support Files/Pods-FastMovies/Pods-FastMovies-frameworks.sh\"\n";
			showEnvVarsInLog = 0;
		};
		E186248A8C3C3890E0BF6F1F /* [CP] Embed Pods Frameworks */ = {
			isa = PBXShellScriptBuildPhase;
			buildActionMask = 2147483647;
			files = (
			);
			inputFileListPaths = (
				"${PODS_ROOT}/Target Support Files/Pods-FastMovies-FastMoviesUITests/Pods-FastMovies-FastMoviesUITests-frameworks-${CONFIGURATION}-input-files.xcfilelist",
			);
			name = "[CP] Embed Pods Frameworks";
			outputFileListPaths = (
				"${PODS_ROOT}/Target Support Files/Pods-FastMovies-FastMoviesUITests/Pods-FastMovies-FastMoviesUITests-frameworks-${CONFIGURATION}-output-files.xcfilelist",
			);
			runOnlyForDeploymentPostprocessing = 0;
			shellPath = /bin/sh;
			shellScript = "\"${PODS_ROOT}/Target Support Files/Pods-FastMovies-FastMoviesUITests/Pods-FastMovies-FastMoviesUITests-frameworks.sh\"\n";
			showEnvVarsInLog = 0;
		};
/* End PBXShellScriptBuildPhase section */

/* Begin PBXSourcesBuildPhase section */
		483A097423F419C8004641B5 /* Sources */ = {
			isa = PBXSourcesBuildPhase;
			buildActionMask = 2147483647;
			files = (
				483A097B23F419C8004641B5 /* FastMoviesUnitTests.swift in Sources */,
			);
			runOnlyForDeploymentPostprocessing = 0;
		};
		488C8AAB23EA24A3006FED69 /* Sources */ = {
			isa = PBXSourcesBuildPhase;
			buildActionMask = 2147483647;
			files = (
				480239B323F2528800023558 /* UIViewControllerExtensions.swift in Sources */,
				4802399C23F0D93400023558 /* MovieDetailsViewController.swift in Sources */,
				480239A923F1B92000023558 /* TheMovieDBRouter.swift in Sources */,
				480239B023F2427000023558 /* GenresTableViewCell.swift in Sources */,
				4802399223ECBAA300023558 /* Movie.swift in Sources */,
				4802399023EC96D400023558 /* PopularCollectionViewController.swift in Sources */,
				488C8B3223EA4697006FED69 /* HomeViewController.swift in Sources */,
				480239AD23F23F4100023558 /* GenresTableViewController.swift in Sources */,
				480239A723F1B8B800023558 /* APIManager.swift in Sources */,
				488C8B3B23EA638F006FED69 /* TopRatedCollectionViewController.swift in Sources */,
				488C8AB323EA24A3006FED69 /* AppDelegate.swift in Sources */,
				488C8B2F23EA4669006FED69 /* HomeViewModel.swift in Sources */,
				480239AB23F23DAE00023558 /* Genre.swift in Sources */,
				488C8B3923EA5F42006FED69 /* MoviesCollectionViewCell.swift in Sources */,
				480239A523F1AD0B00023558 /* BorderView.swift in Sources */,
				480239A123F18B1900023558 /* MovieDetailsViewModel.swift in Sources */,
			);
			runOnlyForDeploymentPostprocessing = 0;
		};
		488C8AC123EA24A8006FED69 /* Sources */ = {
			isa = PBXSourcesBuildPhase;
			buildActionMask = 2147483647;
			files = (
				488C8ACA23EA24A8006FED69 /* FastMoviesTests.swift in Sources */,
			);
			runOnlyForDeploymentPostprocessing = 0;
		};
		488C8ACC23EA24A9006FED69 /* Sources */ = {
			isa = PBXSourcesBuildPhase;
			buildActionMask = 2147483647;
			files = (
				488C8AD523EA24A9006FED69 /* FastMoviesUITests.swift in Sources */,
			);
			runOnlyForDeploymentPostprocessing = 0;
		};
/* End PBXSourcesBuildPhase section */

/* Begin PBXTargetDependency section */
		483A097E23F419C8004641B5 /* PBXTargetDependency */ = {
			isa = PBXTargetDependency;
			target = 488C8AAE23EA24A3006FED69 /* FastMovies */;
			targetProxy = 483A097D23F419C8004641B5 /* PBXContainerItemProxy */;
		};
		488C8AC723EA24A8006FED69 /* PBXTargetDependency */ = {
			isa = PBXTargetDependency;
			target = 488C8AAE23EA24A3006FED69 /* FastMovies */;
			targetProxy = 488C8AC623EA24A8006FED69 /* PBXContainerItemProxy */;
		};
		488C8AD223EA24A9006FED69 /* PBXTargetDependency */ = {
			isa = PBXTargetDependency;
			target = 488C8AAE23EA24A3006FED69 /* FastMovies */;
			targetProxy = 488C8AD123EA24A9006FED69 /* PBXContainerItemProxy */;
		};
/* End PBXTargetDependency section */

/* Begin PBXVariantGroup section */
		488C8ABD23EA24A8006FED69 /* LaunchScreen.storyboard */ = {
			isa = PBXVariantGroup;
			children = (
				488C8ABE23EA24A8006FED69 /* Base */,
			);
			name = LaunchScreen.storyboard;
			sourceTree = "<group>";
		};
/* End PBXVariantGroup section */

/* Begin XCBuildConfiguration section */
		483A097F23F419C8004641B5 /* Debug */ = {
			isa = XCBuildConfiguration;
			buildSettings = {
				BUNDLE_LOADER = "$(TEST_HOST)";
				CODE_SIGN_STYLE = Automatic;
				INFOPLIST_FILE = FastMoviesUnitTests/Info.plist;
				LD_RUNPATH_SEARCH_PATHS = (
					"$(inherited)",
					"@executable_path/Frameworks",
					"@loader_path/Frameworks",
				);
				PRODUCT_BUNDLE_IDENTIFIER = br.com.ronald.FastMoviesUnitTests;
				PRODUCT_NAME = "$(TARGET_NAME)";
				SWIFT_VERSION = 5.0;
				TARGETED_DEVICE_FAMILY = "1,2";
				TEST_HOST = "$(BUILT_PRODUCTS_DIR)/FastMovies.app/FastMovies";
			};
			name = Debug;
		};
		483A098023F419C8004641B5 /* Release */ = {
			isa = XCBuildConfiguration;
			buildSettings = {
				BUNDLE_LOADER = "$(TEST_HOST)";
				CODE_SIGN_STYLE = Automatic;
				INFOPLIST_FILE = FastMoviesUnitTests/Info.plist;
				LD_RUNPATH_SEARCH_PATHS = (
					"$(inherited)",
					"@executable_path/Frameworks",
					"@loader_path/Frameworks",
				);
				PRODUCT_BUNDLE_IDENTIFIER = br.com.ronald.FastMoviesUnitTests;
				PRODUCT_NAME = "$(TARGET_NAME)";
				SWIFT_VERSION = 5.0;
				TARGETED_DEVICE_FAMILY = "1,2";
				TEST_HOST = "$(BUILT_PRODUCTS_DIR)/FastMovies.app/FastMovies";
			};
			name = Release;
		};
		483A098D23F477EA004641B5 /* Dark */ = {
			isa = XCBuildConfiguration;
			buildSettings = {
				ALWAYS_SEARCH_USER_PATHS = NO;
				CLANG_ANALYZER_NONNULL = YES;
				CLANG_ANALYZER_NUMBER_OBJECT_CONVERSION = YES_AGGRESSIVE;
				CLANG_CXX_LANGUAGE_STANDARD = "gnu++14";
				CLANG_CXX_LIBRARY = "libc++";
				CLANG_ENABLE_MODULES = YES;
				CLANG_ENABLE_OBJC_ARC = YES;
				CLANG_ENABLE_OBJC_WEAK = YES;
				CLANG_WARN_BLOCK_CAPTURE_AUTORELEASING = YES;
				CLANG_WARN_BOOL_CONVERSION = YES;
				CLANG_WARN_COMMA = YES;
				CLANG_WARN_CONSTANT_CONVERSION = YES;
				CLANG_WARN_DEPRECATED_OBJC_IMPLEMENTATIONS = YES;
				CLANG_WARN_DIRECT_OBJC_ISA_USAGE = YES_ERROR;
				CLANG_WARN_DOCUMENTATION_COMMENTS = YES;
				CLANG_WARN_EMPTY_BODY = YES;
				CLANG_WARN_ENUM_CONVERSION = YES;
				CLANG_WARN_INFINITE_RECURSION = YES;
				CLANG_WARN_INT_CONVERSION = YES;
				CLANG_WARN_NON_LITERAL_NULL_CONVERSION = YES;
				CLANG_WARN_OBJC_IMPLICIT_RETAIN_SELF = YES;
				CLANG_WARN_OBJC_LITERAL_CONVERSION = YES;
				CLANG_WARN_OBJC_ROOT_CLASS = YES_ERROR;
				CLANG_WARN_RANGE_LOOP_ANALYSIS = YES;
				CLANG_WARN_STRICT_PROTOTYPES = YES;
				CLANG_WARN_SUSPICIOUS_MOVE = YES;
				CLANG_WARN_UNGUARDED_AVAILABILITY = YES_AGGRESSIVE;
				CLANG_WARN_UNREACHABLE_CODE = YES;
				CLANG_WARN__DUPLICATE_METHOD_MATCH = YES;
				COPY_PHASE_STRIP = NO;
				DEBUG_INFORMATION_FORMAT = dwarf;
				ENABLE_STRICT_OBJC_MSGSEND = YES;
				ENABLE_TESTABILITY = YES;
				GCC_C_LANGUAGE_STANDARD = gnu11;
				GCC_DYNAMIC_NO_PIC = NO;
				GCC_NO_COMMON_BLOCKS = YES;
				GCC_OPTIMIZATION_LEVEL = 0;
				GCC_PREPROCESSOR_DEFINITIONS = (
					"DEBUG=1",
					"$(inherited)",
				);
				GCC_WARN_64_TO_32_BIT_CONVERSION = YES;
				GCC_WARN_ABOUT_RETURN_TYPE = YES_ERROR;
				GCC_WARN_UNDECLARED_SELECTOR = YES;
				GCC_WARN_UNINITIALIZED_AUTOS = YES_AGGRESSIVE;
				GCC_WARN_UNUSED_FUNCTION = YES;
				GCC_WARN_UNUSED_VARIABLE = YES;
				IPHONEOS_DEPLOYMENT_TARGET = 13.2;
				MTL_ENABLE_DEBUG_INFO = INCLUDE_SOURCE;
				MTL_FAST_MATH = YES;
				ONLY_ACTIVE_ARCH = YES;
				SDKROOT = iphoneos;
				SWIFT_ACTIVE_COMPILATION_CONDITIONS = DEBUG;
				SWIFT_OPTIMIZATION_LEVEL = "-Onone";
			};
			name = Dark;
		};
		483A098E23F477EA004641B5 /* Dark */ = {
			isa = XCBuildConfiguration;
			baseConfigurationReference = 94C13B3863F7F735E9A09C14 /* Pods-FastMovies.dark.xcconfig */;
			buildSettings = {
				ASSETCATALOG_COMPILER_APPICON_NAME = AppIcon;
				CODE_SIGN_STYLE = Automatic;
				DARK_MODE = YES;
				INFOPLIST_FILE = FastMovies/Info.plist;
				LD_RUNPATH_SEARCH_PATHS = (
					"$(inherited)",
					"@executable_path/Frameworks",
				);
				PRODUCT_BUNDLE_IDENTIFIER = br.com.ronald.FastMovies;
				PRODUCT_NAME = "$(TARGET_NAME)";
				SWIFT_VERSION = 5.0;
				TARGETED_DEVICE_FAMILY = "1,2";
			};
			name = Dark;
		};
		483A098F23F477EA004641B5 /* Dark */ = {
			isa = XCBuildConfiguration;
			baseConfigurationReference = 15E029DA12E8FF80C1EED5C5 /* Pods-FastMoviesTests.dark.xcconfig */;
			buildSettings = {
				ALWAYS_EMBED_SWIFT_STANDARD_LIBRARIES = YES;
				BUNDLE_LOADER = "$(TEST_HOST)";
				CODE_SIGN_STYLE = Automatic;
				INFOPLIST_FILE = FastMoviesTests/Info.plist;
				IPHONEOS_DEPLOYMENT_TARGET = 13.2;
				LD_RUNPATH_SEARCH_PATHS = (
					"$(inherited)",
					"@executable_path/Frameworks",
					"@loader_path/Frameworks",
				);
				PRODUCT_BUNDLE_IDENTIFIER = br.com.ronald.FastMoviesTests;
				PRODUCT_NAME = "$(TARGET_NAME)";
				SWIFT_VERSION = 5.0;
				TARGETED_DEVICE_FAMILY = "1,2";
				TEST_HOST = "$(BUILT_PRODUCTS_DIR)/FastMovies.app/FastMovies";
			};
			name = Dark;
		};
		483A099023F477EA004641B5 /* Dark */ = {
			isa = XCBuildConfiguration;
			baseConfigurationReference = D17570AC5DB6AB667AC5FFE8 /* Pods-FastMovies-FastMoviesUITests.dark.xcconfig */;
			buildSettings = {
				ALWAYS_EMBED_SWIFT_STANDARD_LIBRARIES = YES;
				CODE_SIGN_STYLE = Automatic;
				INFOPLIST_FILE = FastMoviesUITests/Info.plist;
				LD_RUNPATH_SEARCH_PATHS = (
					"$(inherited)",
					"@executable_path/Frameworks",
					"@loader_path/Frameworks",
				);
				PRODUCT_BUNDLE_IDENTIFIER = br.com.ronald.FastMoviesUITests;
				PRODUCT_NAME = "$(TARGET_NAME)";
				SWIFT_VERSION = 5.0;
				TARGETED_DEVICE_FAMILY = "1,2";
				TEST_TARGET_NAME = FastMovies;
			};
			name = Dark;
		};
		483A099123F477EA004641B5 /* Dark */ = {
			isa = XCBuildConfiguration;
			buildSettings = {
				BUNDLE_LOADER = "$(TEST_HOST)";
				CODE_SIGN_STYLE = Automatic;
				INFOPLIST_FILE = FastMoviesUnitTests/Info.plist;
				LD_RUNPATH_SEARCH_PATHS = (
					"$(inherited)",
					"@executable_path/Frameworks",
					"@loader_path/Frameworks",
				);
				PRODUCT_BUNDLE_IDENTIFIER = br.com.ronald.FastMoviesUnitTests;
				PRODUCT_NAME = "$(TARGET_NAME)";
				SWIFT_VERSION = 5.0;
				TARGETED_DEVICE_FAMILY = "1,2";
				TEST_HOST = "$(BUILT_PRODUCTS_DIR)/FastMovies.app/FastMovies";
			};
			name = Dark;
		};
		488C8AD723EA24A9006FED69 /* Debug */ = {
			isa = XCBuildConfiguration;
			buildSettings = {
				ALWAYS_SEARCH_USER_PATHS = NO;
				CLANG_ANALYZER_NONNULL = YES;
				CLANG_ANALYZER_NUMBER_OBJECT_CONVERSION = YES_AGGRESSIVE;
				CLANG_CXX_LANGUAGE_STANDARD = "gnu++14";
				CLANG_CXX_LIBRARY = "libc++";
				CLANG_ENABLE_MODULES = YES;
				CLANG_ENABLE_OBJC_ARC = YES;
				CLANG_ENABLE_OBJC_WEAK = YES;
				CLANG_WARN_BLOCK_CAPTURE_AUTORELEASING = YES;
				CLANG_WARN_BOOL_CONVERSION = YES;
				CLANG_WARN_COMMA = YES;
				CLANG_WARN_CONSTANT_CONVERSION = YES;
				CLANG_WARN_DEPRECATED_OBJC_IMPLEMENTATIONS = YES;
				CLANG_WARN_DIRECT_OBJC_ISA_USAGE = YES_ERROR;
				CLANG_WARN_DOCUMENTATION_COMMENTS = YES;
				CLANG_WARN_EMPTY_BODY = YES;
				CLANG_WARN_ENUM_CONVERSION = YES;
				CLANG_WARN_INFINITE_RECURSION = YES;
				CLANG_WARN_INT_CONVERSION = YES;
				CLANG_WARN_NON_LITERAL_NULL_CONVERSION = YES;
				CLANG_WARN_OBJC_IMPLICIT_RETAIN_SELF = YES;
				CLANG_WARN_OBJC_LITERAL_CONVERSION = YES;
				CLANG_WARN_OBJC_ROOT_CLASS = YES_ERROR;
				CLANG_WARN_RANGE_LOOP_ANALYSIS = YES;
				CLANG_WARN_STRICT_PROTOTYPES = YES;
				CLANG_WARN_SUSPICIOUS_MOVE = YES;
				CLANG_WARN_UNGUARDED_AVAILABILITY = YES_AGGRESSIVE;
				CLANG_WARN_UNREACHABLE_CODE = YES;
				CLANG_WARN__DUPLICATE_METHOD_MATCH = YES;
				COPY_PHASE_STRIP = NO;
				DEBUG_INFORMATION_FORMAT = dwarf;
				ENABLE_STRICT_OBJC_MSGSEND = YES;
				ENABLE_TESTABILITY = YES;
				GCC_C_LANGUAGE_STANDARD = gnu11;
				GCC_DYNAMIC_NO_PIC = NO;
				GCC_NO_COMMON_BLOCKS = YES;
				GCC_OPTIMIZATION_LEVEL = 0;
				GCC_PREPROCESSOR_DEFINITIONS = (
					"DEBUG=1",
					"$(inherited)",
				);
				GCC_WARN_64_TO_32_BIT_CONVERSION = YES;
				GCC_WARN_ABOUT_RETURN_TYPE = YES_ERROR;
				GCC_WARN_UNDECLARED_SELECTOR = YES;
				GCC_WARN_UNINITIALIZED_AUTOS = YES_AGGRESSIVE;
				GCC_WARN_UNUSED_FUNCTION = YES;
				GCC_WARN_UNUSED_VARIABLE = YES;
				IPHONEOS_DEPLOYMENT_TARGET = 13.2;
				MTL_ENABLE_DEBUG_INFO = INCLUDE_SOURCE;
				MTL_FAST_MATH = YES;
				ONLY_ACTIVE_ARCH = YES;
				SDKROOT = iphoneos;
				SWIFT_ACTIVE_COMPILATION_CONDITIONS = DEBUG;
				SWIFT_OPTIMIZATION_LEVEL = "-Onone";
			};
			name = Debug;
		};
		488C8AD823EA24A9006FED69 /* Release */ = {
			isa = XCBuildConfiguration;
			buildSettings = {
				ALWAYS_SEARCH_USER_PATHS = NO;
				CLANG_ANALYZER_NONNULL = YES;
				CLANG_ANALYZER_NUMBER_OBJECT_CONVERSION = YES_AGGRESSIVE;
				CLANG_CXX_LANGUAGE_STANDARD = "gnu++14";
				CLANG_CXX_LIBRARY = "libc++";
				CLANG_ENABLE_MODULES = YES;
				CLANG_ENABLE_OBJC_ARC = YES;
				CLANG_ENABLE_OBJC_WEAK = YES;
				CLANG_WARN_BLOCK_CAPTURE_AUTORELEASING = YES;
				CLANG_WARN_BOOL_CONVERSION = YES;
				CLANG_WARN_COMMA = YES;
				CLANG_WARN_CONSTANT_CONVERSION = YES;
				CLANG_WARN_DEPRECATED_OBJC_IMPLEMENTATIONS = YES;
				CLANG_WARN_DIRECT_OBJC_ISA_USAGE = YES_ERROR;
				CLANG_WARN_DOCUMENTATION_COMMENTS = YES;
				CLANG_WARN_EMPTY_BODY = YES;
				CLANG_WARN_ENUM_CONVERSION = YES;
				CLANG_WARN_INFINITE_RECURSION = YES;
				CLANG_WARN_INT_CONVERSION = YES;
				CLANG_WARN_NON_LITERAL_NULL_CONVERSION = YES;
				CLANG_WARN_OBJC_IMPLICIT_RETAIN_SELF = YES;
				CLANG_WARN_OBJC_LITERAL_CONVERSION = YES;
				CLANG_WARN_OBJC_ROOT_CLASS = YES_ERROR;
				CLANG_WARN_RANGE_LOOP_ANALYSIS = YES;
				CLANG_WARN_STRICT_PROTOTYPES = YES;
				CLANG_WARN_SUSPICIOUS_MOVE = YES;
				CLANG_WARN_UNGUARDED_AVAILABILITY = YES_AGGRESSIVE;
				CLANG_WARN_UNREACHABLE_CODE = YES;
				CLANG_WARN__DUPLICATE_METHOD_MATCH = YES;
				COPY_PHASE_STRIP = NO;
				DEBUG_INFORMATION_FORMAT = "dwarf-with-dsym";
				ENABLE_NS_ASSERTIONS = NO;
				ENABLE_STRICT_OBJC_MSGSEND = YES;
				GCC_C_LANGUAGE_STANDARD = gnu11;
				GCC_NO_COMMON_BLOCKS = YES;
				GCC_WARN_64_TO_32_BIT_CONVERSION = YES;
				GCC_WARN_ABOUT_RETURN_TYPE = YES_ERROR;
				GCC_WARN_UNDECLARED_SELECTOR = YES;
				GCC_WARN_UNINITIALIZED_AUTOS = YES_AGGRESSIVE;
				GCC_WARN_UNUSED_FUNCTION = YES;
				GCC_WARN_UNUSED_VARIABLE = YES;
				IPHONEOS_DEPLOYMENT_TARGET = 13.2;
				MTL_ENABLE_DEBUG_INFO = NO;
				MTL_FAST_MATH = YES;
				SDKROOT = iphoneos;
				SWIFT_COMPILATION_MODE = wholemodule;
				SWIFT_OPTIMIZATION_LEVEL = "-O";
				VALIDATE_PRODUCT = YES;
			};
			name = Release;
		};
		488C8ADA23EA24A9006FED69 /* Debug */ = {
			isa = XCBuildConfiguration;
			baseConfigurationReference = 2E31CE171C5FD9050681FBEE /* Pods-FastMovies.debug.xcconfig */;
			buildSettings = {
				ASSETCATALOG_COMPILER_APPICON_NAME = AppIcon;
				CODE_SIGN_STYLE = Automatic;
				DARK_MODE = NO;
				INFOPLIST_FILE = FastMovies/Info.plist;
				LD_RUNPATH_SEARCH_PATHS = (
					"$(inherited)",
					"@executable_path/Frameworks",
				);
				PRODUCT_BUNDLE_IDENTIFIER = br.com.ronald.FastMovies;
				PRODUCT_NAME = "$(TARGET_NAME)";
				SWIFT_VERSION = 5.0;
				TARGETED_DEVICE_FAMILY = "1,2";
			};
			name = Debug;
		};
		488C8ADB23EA24A9006FED69 /* Release */ = {
			isa = XCBuildConfiguration;
			baseConfigurationReference = FBA1B48562FF6469BDA6BF14 /* Pods-FastMovies.release.xcconfig */;
			buildSettings = {
				ASSETCATALOG_COMPILER_APPICON_NAME = AppIcon;
				CODE_SIGN_STYLE = Automatic;
				DARK_MODE = NO;
				INFOPLIST_FILE = FastMovies/Info.plist;
				LD_RUNPATH_SEARCH_PATHS = (
					"$(inherited)",
					"@executable_path/Frameworks",
				);
				PRODUCT_BUNDLE_IDENTIFIER = br.com.ronald.FastMovies;
				PRODUCT_NAME = "$(TARGET_NAME)";
				SWIFT_VERSION = 5.0;
				TARGETED_DEVICE_FAMILY = "1,2";
			};
			name = Release;
		};
		488C8ADD23EA24A9006FED69 /* Debug */ = {
			isa = XCBuildConfiguration;
			baseConfigurationReference = 28E539BAE0F1D93E574D0898 /* Pods-FastMoviesTests.debug.xcconfig */;
			buildSettings = {
				ALWAYS_EMBED_SWIFT_STANDARD_LIBRARIES = YES;
				BUNDLE_LOADER = "$(TEST_HOST)";
				CODE_SIGN_STYLE = Automatic;
				INFOPLIST_FILE = FastMoviesTests/Info.plist;
				IPHONEOS_DEPLOYMENT_TARGET = 13.2;
				LD_RUNPATH_SEARCH_PATHS = (
					"$(inherited)",
					"@executable_path/Frameworks",
					"@loader_path/Frameworks",
				);
				PRODUCT_BUNDLE_IDENTIFIER = br.com.ronald.FastMoviesTests;
				PRODUCT_NAME = "$(TARGET_NAME)";
				SWIFT_VERSION = 5.0;
				TARGETED_DEVICE_FAMILY = "1,2";
				TEST_HOST = "$(BUILT_PRODUCTS_DIR)/FastMovies.app/FastMovies";
			};
			name = Debug;
		};
		488C8ADE23EA24A9006FED69 /* Release */ = {
			isa = XCBuildConfiguration;
			baseConfigurationReference = A519378F73D49E74EB66F1CC /* Pods-FastMoviesTests.release.xcconfig */;
			buildSettings = {
				ALWAYS_EMBED_SWIFT_STANDARD_LIBRARIES = YES;
				BUNDLE_LOADER = "$(TEST_HOST)";
				CODE_SIGN_STYLE = Automatic;
				INFOPLIST_FILE = FastMoviesTests/Info.plist;
				IPHONEOS_DEPLOYMENT_TARGET = 13.2;
				LD_RUNPATH_SEARCH_PATHS = (
					"$(inherited)",
					"@executable_path/Frameworks",
					"@loader_path/Frameworks",
				);
				PRODUCT_BUNDLE_IDENTIFIER = br.com.ronald.FastMoviesTests;
				PRODUCT_NAME = "$(TARGET_NAME)";
				SWIFT_VERSION = 5.0;
				TARGETED_DEVICE_FAMILY = "1,2";
				TEST_HOST = "$(BUILT_PRODUCTS_DIR)/FastMovies.app/FastMovies";
			};
			name = Release;
		};
		488C8AE023EA24A9006FED69 /* Debug */ = {
			isa = XCBuildConfiguration;
			baseConfigurationReference = 7556CED16D66B3688D14B5E1 /* Pods-FastMovies-FastMoviesUITests.debug.xcconfig */;
			buildSettings = {
				ALWAYS_EMBED_SWIFT_STANDARD_LIBRARIES = YES;
				CODE_SIGN_STYLE = Automatic;
				INFOPLIST_FILE = FastMoviesUITests/Info.plist;
				LD_RUNPATH_SEARCH_PATHS = (
					"$(inherited)",
					"@executable_path/Frameworks",
					"@loader_path/Frameworks",
				);
				PRODUCT_BUNDLE_IDENTIFIER = br.com.ronald.FastMoviesUITests;
				PRODUCT_NAME = "$(TARGET_NAME)";
				SWIFT_VERSION = 5.0;
				TARGETED_DEVICE_FAMILY = "1,2";
				TEST_TARGET_NAME = FastMovies;
			};
			name = Debug;
		};
		488C8AE123EA24A9006FED69 /* Release */ = {
			isa = XCBuildConfiguration;
			baseConfigurationReference = C48C69653322F29300441BC1 /* Pods-FastMovies-FastMoviesUITests.release.xcconfig */;
			buildSettings = {
				ALWAYS_EMBED_SWIFT_STANDARD_LIBRARIES = YES;
				CODE_SIGN_STYLE = Automatic;
				INFOPLIST_FILE = FastMoviesUITests/Info.plist;
				LD_RUNPATH_SEARCH_PATHS = (
					"$(inherited)",
					"@executable_path/Frameworks",
					"@loader_path/Frameworks",
				);
				PRODUCT_BUNDLE_IDENTIFIER = br.com.ronald.FastMoviesUITests;
				PRODUCT_NAME = "$(TARGET_NAME)";
				SWIFT_VERSION = 5.0;
				TARGETED_DEVICE_FAMILY = "1,2";
				TEST_TARGET_NAME = FastMovies;
			};
			name = Release;
		};
/* End XCBuildConfiguration section */

/* Begin XCConfigurationList section */
		483A098123F419C8004641B5 /* Build configuration list for PBXNativeTarget "FastMoviesUnitTests" */ = {
			isa = XCConfigurationList;
			buildConfigurations = (
				483A097F23F419C8004641B5 /* Debug */,
				483A099123F477EA004641B5 /* Dark */,
				483A098023F419C8004641B5 /* Release */,
			);
			defaultConfigurationIsVisible = 0;
			defaultConfigurationName = Release;
		};
		488C8AAA23EA24A3006FED69 /* Build configuration list for PBXProject "FastMovies" */ = {
			isa = XCConfigurationList;
			buildConfigurations = (
				488C8AD723EA24A9006FED69 /* Debug */,
				483A098D23F477EA004641B5 /* Dark */,
				488C8AD823EA24A9006FED69 /* Release */,
			);
			defaultConfigurationIsVisible = 0;
			defaultConfigurationName = Release;
		};
		488C8AD923EA24A9006FED69 /* Build configuration list for PBXNativeTarget "FastMovies" */ = {
			isa = XCConfigurationList;
			buildConfigurations = (
				488C8ADA23EA24A9006FED69 /* Debug */,
				483A098E23F477EA004641B5 /* Dark */,
				488C8ADB23EA24A9006FED69 /* Release */,
			);
			defaultConfigurationIsVisible = 0;
			defaultConfigurationName = Release;
		};
		488C8ADC23EA24A9006FED69 /* Build configuration list for PBXNativeTarget "FastMoviesTests" */ = {
			isa = XCConfigurationList;
			buildConfigurations = (
				488C8ADD23EA24A9006FED69 /* Debug */,
				483A098F23F477EA004641B5 /* Dark */,
				488C8ADE23EA24A9006FED69 /* Release */,
			);
			defaultConfigurationIsVisible = 0;
			defaultConfigurationName = Release;
		};
		488C8ADF23EA24A9006FED69 /* Build configuration list for PBXNativeTarget "FastMoviesUITests" */ = {
			isa = XCConfigurationList;
			buildConfigurations = (
				488C8AE023EA24A9006FED69 /* Debug */,
				483A099023F477EA004641B5 /* Dark */,
				488C8AE123EA24A9006FED69 /* Release */,
			);
			defaultConfigurationIsVisible = 0;
			defaultConfigurationName = Release;
		};
/* End XCConfigurationList section */
	};
	rootObject = 488C8AA723EA24A3006FED69 /* Project object */;
}
